// !$*UTF8*$!
{
	archiveVersion = 1;
	classes = {
	};
	objectVersion = 51;
	objects = {

/* Begin PBXBuildFile section */
		7124B2FC4FF487653B469686 /* Pods_siege_siegeUITests.framework in Frameworks */ = {isa = PBXBuildFile; fileRef = 5015500B2C80576022EB9F44 /* Pods_siege_siegeUITests.framework */; };
		8E66F38C255D14680090E131 /* Mapbox.framework in Frameworks */ = {isa = PBXBuildFile; fileRef = 8E66F388255D13D50090E131 /* Mapbox.framework */; };
		8E66F38D255D14680090E131 /* Mapbox.framework in Embed Frameworks */ = {isa = PBXBuildFile; fileRef = 8E66F388255D13D50090E131 /* Mapbox.framework */; settings = {ATTRIBUTES = (RemoveHeadersOnCopy, ); }; };
		8E66F38E255D146B0090E131 /* MapboxMobileEvents.framework in Frameworks */ = {isa = PBXBuildFile; fileRef = 8E66F389255D13D50090E131 /* MapboxMobileEvents.framework */; };
		8E66F38F255D146B0090E131 /* MapboxMobileEvents.framework in Embed Frameworks */ = {isa = PBXBuildFile; fileRef = 8E66F389255D13D50090E131 /* MapboxMobileEvents.framework */; settings = {ATTRIBUTES = (RemoveHeadersOnCopy, ); }; };
		8E66F3912563A68C0090E131 /* data.json in Resources */ = {isa = PBXBuildFile; fileRef = 8E66F3902563A68C0090E131 /* data.json */; };
		8E66F3932563A77D0090E131 /* DateJson.swift in Sources */ = {isa = PBXBuildFile; fileRef = 8E66F3922563A77D0090E131 /* DateJson.swift */; };
		8E66F3952564F2440090E131 /* SixCityListViewController.swift in Sources */ = {isa = PBXBuildFile; fileRef = 8E66F3942564F2440090E131 /* SixCityListViewController.swift */; };
		8E66F397256640B90090E131 /* OtherCityViewController.swift in Sources */ = {isa = PBXBuildFile; fileRef = 8E66F396256640B90090E131 /* OtherCityViewController.swift */; };
		8E66F399256640F80090E131 /* OutsideCityViewController.swift in Sources */ = {isa = PBXBuildFile; fileRef = 8E66F398256640F80090E131 /* OutsideCityViewController.swift */; };
		8E66F3A12570D3D70090E131 /* TaipeiPageViewController.swift in Sources */ = {isa = PBXBuildFile; fileRef = 8E66F3A02570D3D70090E131 /* TaipeiPageViewController.swift */; };
		8E80C0392541969F002A7C15 /* AppDelegate.swift in Sources */ = {isa = PBXBuildFile; fileRef = 8E80C0382541969F002A7C15 /* AppDelegate.swift */; };
		8E80C03B2541969F002A7C15 /* SceneDelegate.swift in Sources */ = {isa = PBXBuildFile; fileRef = 8E80C03A2541969F002A7C15 /* SceneDelegate.swift */; };
		8E80C03D2541969F002A7C15 /* ViewController.swift in Sources */ = {isa = PBXBuildFile; fileRef = 8E80C03C2541969F002A7C15 /* ViewController.swift */; };
		8E80C0402541969F002A7C15 /* Main.storyboard in Resources */ = {isa = PBXBuildFile; fileRef = 8E80C03E2541969F002A7C15 /* Main.storyboard */; };
		8E80C042254196A1002A7C15 /* Assets.xcassets in Resources */ = {isa = PBXBuildFile; fileRef = 8E80C041254196A1002A7C15 /* Assets.xcassets */; };
		8E80C045254196A1002A7C15 /* LaunchScreen.storyboard in Resources */ = {isa = PBXBuildFile; fileRef = 8E80C043254196A1002A7C15 /* LaunchScreen.storyboard */; };
		8E80C050254196A1002A7C15 /* siegeTests.swift in Sources */ = {isa = PBXBuildFile; fileRef = 8E80C04F254196A1002A7C15 /* siegeTests.swift */; };
		8E80C05B254196A1002A7C15 /* siegeUITests.swift in Sources */ = {isa = PBXBuildFile; fileRef = 8E80C05A254196A1002A7C15 /* siegeUITests.swift */; };
		8E80C06B25469D86002A7C15 /* MGoogleAdsViewController.swift in Sources */ = {isa = PBXBuildFile; fileRef = 8E80C06A25469D86002A7C15 /* MGoogleAdsViewController.swift */; };
		8E80C06D2546B861002A7C15 /* GoogleService-Info.plist in Resources */ = {isa = PBXBuildFile; fileRef = 8E80C06C2546B861002A7C15 /* GoogleService-Info.plist */; };
		8E80C0892553D651002A7C15 /* MapViewController.swift in Sources */ = {isa = PBXBuildFile; fileRef = 8E80C0882553D651002A7C15 /* MapViewController.swift */; };
		8E80C08B2553DBDE002A7C15 /* MemberCenterViewController.swift in Sources */ = {isa = PBXBuildFile; fileRef = 8E80C08A2553DBDE002A7C15 /* MemberCenterViewController.swift */; };
		8E80C090255A7941002A7C15 /* MailLoginViewController.swift in Sources */ = {isa = PBXBuildFile; fileRef = 8E80C08F255A7941002A7C15 /* MailLoginViewController.swift */; };
		8EC7AFDF2574FAE400847519 /* OutsideCityListViewController.swift in Sources */ = {isa = PBXBuildFile; fileRef = 8EC7AFDE2574FAE400847519 /* OutsideCityListViewController.swift */; };
		A410852D8765DE399B0FE184 /* Pods_siegeTests.framework in Frameworks */ = {isa = PBXBuildFile; fileRef = 9BCBE15F538A0CEC03781B37 /* Pods_siegeTests.framework */; };
		B467E3AAF3D674133F6C2D48 /* Pods_siege.framework in Frameworks */ = {isa = PBXBuildFile; fileRef = 4C4C694F8D03E6E49BA7B113 /* Pods_siege.framework */; };
/* End PBXBuildFile section */

/* Begin PBXContainerItemProxy section */
		8E80C04C254196A1002A7C15 /* PBXContainerItemProxy */ = {
			isa = PBXContainerItemProxy;
			containerPortal = 8E80C02D2541969F002A7C15 /* Project object */;
			proxyType = 1;
			remoteGlobalIDString = 8E80C0342541969F002A7C15;
			remoteInfo = siege;
		};
		8E80C057254196A1002A7C15 /* PBXContainerItemProxy */ = {
			isa = PBXContainerItemProxy;
			containerPortal = 8E80C02D2541969F002A7C15 /* Project object */;
			proxyType = 1;
			remoteGlobalIDString = 8E80C0342541969F002A7C15;
			remoteInfo = siege;
		};
/* End PBXContainerItemProxy section */

/* Begin PBXCopyFilesBuildPhase section */
		8E80C07D254C154D002A7C15 /* Embed Frameworks */ = {
			isa = PBXCopyFilesBuildPhase;
			buildActionMask = 2147483647;
			dstPath = "";
			dstSubfolderSpec = 10;
			files = (
				8E66F38F255D146B0090E131 /* MapboxMobileEvents.framework in Embed Frameworks */,
				8E66F38D255D14680090E131 /* Mapbox.framework in Embed Frameworks */,
			);
			name = "Embed Frameworks";
			runOnlyForDeploymentPostprocessing = 0;
		};
/* End PBXCopyFilesBuildPhase section */

/* Begin PBXFileReference section */
		265797C10548F3C8714730A3 /* Pods-siege.release.xcconfig */ = {isa = PBXFileReference; includeInIndex = 1; lastKnownFileType = text.xcconfig; name = "Pods-siege.release.xcconfig"; path = "Target Support Files/Pods-siege/Pods-siege.release.xcconfig"; sourceTree = "<group>"; };
		38B3E59C2436DF06A03F8B1A /* Pods-siege-siegeUITests.debug.xcconfig */ = {isa = PBXFileReference; includeInIndex = 1; lastKnownFileType = text.xcconfig; name = "Pods-siege-siegeUITests.debug.xcconfig"; path = "Target Support Files/Pods-siege-siegeUITests/Pods-siege-siegeUITests.debug.xcconfig"; sourceTree = "<group>"; };
		4C4C694F8D03E6E49BA7B113 /* Pods_siege.framework */ = {isa = PBXFileReference; explicitFileType = wrapper.framework; includeInIndex = 0; path = Pods_siege.framework; sourceTree = BUILT_PRODUCTS_DIR; };
		5015500B2C80576022EB9F44 /* Pods_siege_siegeUITests.framework */ = {isa = PBXFileReference; explicitFileType = wrapper.framework; includeInIndex = 0; path = Pods_siege_siegeUITests.framework; sourceTree = BUILT_PRODUCTS_DIR; };
		8E66F388255D13D50090E131 /* Mapbox.framework */ = {isa = PBXFileReference; lastKnownFileType = wrapper.framework; path = Mapbox.framework; sourceTree = "<group>"; };
		8E66F389255D13D50090E131 /* MapboxMobileEvents.framework */ = {isa = PBXFileReference; lastKnownFileType = wrapper.framework; path = MapboxMobileEvents.framework; sourceTree = "<group>"; };
		8E66F3902563A68C0090E131 /* data.json */ = {isa = PBXFileReference; fileEncoding = 4; lastKnownFileType = text.json; path = data.json; sourceTree = "<group>"; };
		8E66F3922563A77D0090E131 /* DateJson.swift */ = {isa = PBXFileReference; lastKnownFileType = sourcecode.swift; path = DateJson.swift; sourceTree = "<group>"; };
		8E66F3942564F2440090E131 /* SixCityListViewController.swift */ = {isa = PBXFileReference; lastKnownFileType = sourcecode.swift; path = SixCityListViewController.swift; sourceTree = "<group>"; };
		8E66F396256640B90090E131 /* OtherCityViewController.swift */ = {isa = PBXFileReference; lastKnownFileType = sourcecode.swift; path = OtherCityViewController.swift; sourceTree = "<group>"; };
		8E66F398256640F80090E131 /* OutsideCityViewController.swift */ = {isa = PBXFileReference; lastKnownFileType = sourcecode.swift; path = OutsideCityViewController.swift; sourceTree = "<group>"; };
		8E66F3A02570D3D70090E131 /* TaipeiPageViewController.swift */ = {isa = PBXFileReference; lastKnownFileType = sourcecode.swift; path = TaipeiPageViewController.swift; sourceTree = "<group>"; };
		8E80C0352541969F002A7C15 /* 我的旅遊地圖.app */ = {isa = PBXFileReference; explicitFileType = wrapper.application; includeInIndex = 0; path = "我的旅遊地圖.app"; sourceTree = BUILT_PRODUCTS_DIR; };
		8E80C0382541969F002A7C15 /* AppDelegate.swift */ = {isa = PBXFileReference; lastKnownFileType = sourcecode.swift; path = AppDelegate.swift; sourceTree = "<group>"; };
		8E80C03A2541969F002A7C15 /* SceneDelegate.swift */ = {isa = PBXFileReference; lastKnownFileType = sourcecode.swift; path = SceneDelegate.swift; sourceTree = "<group>"; };
		8E80C03C2541969F002A7C15 /* ViewController.swift */ = {isa = PBXFileReference; lastKnownFileType = sourcecode.swift; path = ViewController.swift; sourceTree = "<group>"; };
		8E80C03F2541969F002A7C15 /* Base */ = {isa = PBXFileReference; lastKnownFileType = file.storyboard; name = Base; path = Base.lproj/Main.storyboard; sourceTree = "<group>"; };
		8E80C041254196A1002A7C15 /* Assets.xcassets */ = {isa = PBXFileReference; lastKnownFileType = folder.assetcatalog; path = Assets.xcassets; sourceTree = "<group>"; };
		8E80C044254196A1002A7C15 /* Base */ = {isa = PBXFileReference; lastKnownFileType = file.storyboard; name = Base; path = Base.lproj/LaunchScreen.storyboard; sourceTree = "<group>"; };
		8E80C046254196A1002A7C15 /* Info.plist */ = {isa = PBXFileReference; lastKnownFileType = text.plist.xml; path = Info.plist; sourceTree = "<group>"; };
		8E80C04B254196A1002A7C15 /* siegeTests.xctest */ = {isa = PBXFileReference; explicitFileType = wrapper.cfbundle; includeInIndex = 0; path = siegeTests.xctest; sourceTree = BUILT_PRODUCTS_DIR; };
		8E80C04F254196A1002A7C15 /* siegeTests.swift */ = {isa = PBXFileReference; lastKnownFileType = sourcecode.swift; path = siegeTests.swift; sourceTree = "<group>"; };
		8E80C051254196A1002A7C15 /* Info.plist */ = {isa = PBXFileReference; lastKnownFileType = text.plist.xml; path = Info.plist; sourceTree = "<group>"; };
		8E80C056254196A1002A7C15 /* siegeUITests.xctest */ = {isa = PBXFileReference; explicitFileType = wrapper.cfbundle; includeInIndex = 0; path = siegeUITests.xctest; sourceTree = BUILT_PRODUCTS_DIR; };
		8E80C05A254196A1002A7C15 /* siegeUITests.swift */ = {isa = PBXFileReference; lastKnownFileType = sourcecode.swift; path = siegeUITests.swift; sourceTree = "<group>"; };
		8E80C05C254196A1002A7C15 /* Info.plist */ = {isa = PBXFileReference; lastKnownFileType = text.plist.xml; path = Info.plist; sourceTree = "<group>"; };
		8E80C06A25469D86002A7C15 /* MGoogleAdsViewController.swift */ = {isa = PBXFileReference; lastKnownFileType = sourcecode.swift; path = MGoogleAdsViewController.swift; sourceTree = "<group>"; };
		8E80C06C2546B861002A7C15 /* GoogleService-Info.plist */ = {isa = PBXFileReference; fileEncoding = 4; lastKnownFileType = text.plist.xml; path = "GoogleService-Info.plist"; sourceTree = "<group>"; };
		8E80C0882553D651002A7C15 /* MapViewController.swift */ = {isa = PBXFileReference; fileEncoding = 4; lastKnownFileType = sourcecode.swift; path = MapViewController.swift; sourceTree = "<group>"; };
		8E80C08A2553DBDE002A7C15 /* MemberCenterViewController.swift */ = {isa = PBXFileReference; lastKnownFileType = sourcecode.swift; path = MemberCenterViewController.swift; sourceTree = "<group>"; };
		8E80C08F255A7941002A7C15 /* MailLoginViewController.swift */ = {isa = PBXFileReference; lastKnownFileType = sourcecode.swift; path = MailLoginViewController.swift; sourceTree = "<group>"; };
		8EC7AFDE2574FAE400847519 /* OutsideCityListViewController.swift */ = {isa = PBXFileReference; lastKnownFileType = sourcecode.swift; path = OutsideCityListViewController.swift; sourceTree = "<group>"; };
		9BCBE15F538A0CEC03781B37 /* Pods_siegeTests.framework */ = {isa = PBXFileReference; explicitFileType = wrapper.framework; includeInIndex = 0; path = Pods_siegeTests.framework; sourceTree = BUILT_PRODUCTS_DIR; };
		BDCAA5A3A5ED7E0A738E200E /* Pods-siege-siegeUITests.release.xcconfig */ = {isa = PBXFileReference; includeInIndex = 1; lastKnownFileType = text.xcconfig; name = "Pods-siege-siegeUITests.release.xcconfig"; path = "Target Support Files/Pods-siege-siegeUITests/Pods-siege-siegeUITests.release.xcconfig"; sourceTree = "<group>"; };
		C1929A7321C3C929141AE33C /* Pods-siege.debug.xcconfig */ = {isa = PBXFileReference; includeInIndex = 1; lastKnownFileType = text.xcconfig; name = "Pods-siege.debug.xcconfig"; path = "Target Support Files/Pods-siege/Pods-siege.debug.xcconfig"; sourceTree = "<group>"; };
		C7558304E5B222B0ACEFCABC /* Pods-siegeTests.release.xcconfig */ = {isa = PBXFileReference; includeInIndex = 1; lastKnownFileType = text.xcconfig; name = "Pods-siegeTests.release.xcconfig"; path = "Target Support Files/Pods-siegeTests/Pods-siegeTests.release.xcconfig"; sourceTree = "<group>"; };
		E398591F4A8EED712B028734 /* Pods-siegeTests.debug.xcconfig */ = {isa = PBXFileReference; includeInIndex = 1; lastKnownFileType = text.xcconfig; name = "Pods-siegeTests.debug.xcconfig"; path = "Target Support Files/Pods-siegeTests/Pods-siegeTests.debug.xcconfig"; sourceTree = "<group>"; };
/* End PBXFileReference section */

/* Begin PBXFrameworksBuildPhase section */
		8E80C0322541969F002A7C15 /* Frameworks */ = {
			isa = PBXFrameworksBuildPhase;
			buildActionMask = 2147483647;
			files = (
				8E66F38E255D146B0090E131 /* MapboxMobileEvents.framework in Frameworks */,
				B467E3AAF3D674133F6C2D48 /* Pods_siege.framework in Frameworks */,
				8E66F38C255D14680090E131 /* Mapbox.framework in Frameworks */,
			);
			runOnlyForDeploymentPostprocessing = 0;
		};
		8E80C048254196A1002A7C15 /* Frameworks */ = {
			isa = PBXFrameworksBuildPhase;
			buildActionMask = 2147483647;
			files = (
				A410852D8765DE399B0FE184 /* Pods_siegeTests.framework in Frameworks */,
			);
			runOnlyForDeploymentPostprocessing = 0;
		};
		8E80C053254196A1002A7C15 /* Frameworks */ = {
			isa = PBXFrameworksBuildPhase;
			buildActionMask = 2147483647;
			files = (
				7124B2FC4FF487653B469686 /* Pods_siege_siegeUITests.framework in Frameworks */,
			);
			runOnlyForDeploymentPostprocessing = 0;
		};
/* End PBXFrameworksBuildPhase section */

/* Begin PBXGroup section */
		43604CFDAA5E494664342F07 /* Frameworks */ = {
			isa = PBXGroup;
			children = (
				4C4C694F8D03E6E49BA7B113 /* Pods_siege.framework */,
				5015500B2C80576022EB9F44 /* Pods_siege_siegeUITests.framework */,
				9BCBE15F538A0CEC03781B37 /* Pods_siegeTests.framework */,
			);
			name = Frameworks;
			sourceTree = "<group>";
		};
		79129A6B3FDA1681F9154C3D /* Pods */ = {
			isa = PBXGroup;
			children = (
				C1929A7321C3C929141AE33C /* Pods-siege.debug.xcconfig */,
				265797C10548F3C8714730A3 /* Pods-siege.release.xcconfig */,
				38B3E59C2436DF06A03F8B1A /* Pods-siege-siegeUITests.debug.xcconfig */,
				BDCAA5A3A5ED7E0A738E200E /* Pods-siege-siegeUITests.release.xcconfig */,
				E398591F4A8EED712B028734 /* Pods-siegeTests.debug.xcconfig */,
				C7558304E5B222B0ACEFCABC /* Pods-siegeTests.release.xcconfig */,
			);
			path = Pods;
			sourceTree = "<group>";
		};
		8E80C02C2541969F002A7C15 = {
			isa = PBXGroup;
			children = (
				8E66F3922563A77D0090E131 /* DateJson.swift */,
				8E80C08F255A7941002A7C15 /* MailLoginViewController.swift */,
				8E80C0372541969F002A7C15 /* siege */,
				8E80C04E254196A1002A7C15 /* siegeTests */,
				8E80C059254196A1002A7C15 /* siegeUITests */,
				8E80C0362541969F002A7C15 /* Products */,
				79129A6B3FDA1681F9154C3D /* Pods */,
				43604CFDAA5E494664342F07 /* Frameworks */,
			);
			sourceTree = "<group>";
		};
		8E80C0362541969F002A7C15 /* Products */ = {
			isa = PBXGroup;
			children = (
				8E80C0352541969F002A7C15 /* 我的旅遊地圖.app */,
				8E80C04B254196A1002A7C15 /* siegeTests.xctest */,
				8E80C056254196A1002A7C15 /* siegeUITests.xctest */,
			);
			name = Products;
			sourceTree = "<group>";
		};
		8E80C0372541969F002A7C15 /* siege */ = {
			isa = PBXGroup;
			children = (
				8E66F388255D13D50090E131 /* Mapbox.framework */,
				8E66F389255D13D50090E131 /* MapboxMobileEvents.framework */,
				8E80C0882553D651002A7C15 /* MapViewController.swift */,
				8E80C0382541969F002A7C15 /* AppDelegate.swift */,
				8E80C03A2541969F002A7C15 /* SceneDelegate.swift */,
				8E80C03C2541969F002A7C15 /* ViewController.swift */,
				8E80C03E2541969F002A7C15 /* Main.storyboard */,
				8E80C041254196A1002A7C15 /* Assets.xcassets */,
				8E80C043254196A1002A7C15 /* LaunchScreen.storyboard */,
				8E80C046254196A1002A7C15 /* Info.plist */,
				8E80C06C2546B861002A7C15 /* GoogleService-Info.plist */,
				8E80C06A25469D86002A7C15 /* MGoogleAdsViewController.swift */,
				8E80C08A2553DBDE002A7C15 /* MemberCenterViewController.swift */,
				8E66F3902563A68C0090E131 /* data.json */,
				8E66F3942564F2440090E131 /* SixCityListViewController.swift */,
				8E66F396256640B90090E131 /* OtherCityViewController.swift */,
				8E66F398256640F80090E131 /* OutsideCityViewController.swift */,
				8E66F3A02570D3D70090E131 /* TaipeiPageViewController.swift */,
				8EC7AFDE2574FAE400847519 /* OutsideCityListViewController.swift */,
			);
			path = siege;
			sourceTree = "<group>";
		};
		8E80C04E254196A1002A7C15 /* siegeTests */ = {
			isa = PBXGroup;
			children = (
				8E80C04F254196A1002A7C15 /* siegeTests.swift */,
				8E80C051254196A1002A7C15 /* Info.plist */,
			);
			path = siegeTests;
			sourceTree = "<group>";
		};
		8E80C059254196A1002A7C15 /* siegeUITests */ = {
			isa = PBXGroup;
			children = (
				8E80C05A254196A1002A7C15 /* siegeUITests.swift */,
				8E80C05C254196A1002A7C15 /* Info.plist */,
			);
			path = siegeUITests;
			sourceTree = "<group>";
		};
/* End PBXGroup section */

/* Begin PBXNativeTarget section */
		8E80C0342541969F002A7C15 /* siege */ = {
			isa = PBXNativeTarget;
			buildConfigurationList = 8E80C05F254196A1002A7C15 /* Build configuration list for PBXNativeTarget "siege" */;
			buildPhases = (
				E3C8330BAD2BD9828D556D25 /* [CP] Check Pods Manifest.lock */,
				8E80C0312541969F002A7C15 /* Sources */,
				8E80C0322541969F002A7C15 /* Frameworks */,
				8E80C0332541969F002A7C15 /* Resources */,
				18B181E40A17ACB83DBFE420 /* [CP] Embed Pods Frameworks */,
				8E80C07D254C154D002A7C15 /* Embed Frameworks */,
				C561D990B5A05CA45D474526 /* [CP] Copy Pods Resources */,
			);
			buildRules = (
			);
			dependencies = (
			);
			name = siege;
			productName = siege;
			productReference = 8E80C0352541969F002A7C15 /* 我的旅遊地圖.app */;
			productType = "com.apple.product-type.application";
		};
		8E80C04A254196A1002A7C15 /* siegeTests */ = {
			isa = PBXNativeTarget;
			buildConfigurationList = 8E80C062254196A1002A7C15 /* Build configuration list for PBXNativeTarget "siegeTests" */;
			buildPhases = (
				6408F0E3CF4C0CF24B3CBC42 /* [CP] Check Pods Manifest.lock */,
				8E80C047254196A1002A7C15 /* Sources */,
				8E80C048254196A1002A7C15 /* Frameworks */,
				8E80C049254196A1002A7C15 /* Resources */,
			);
			buildRules = (
			);
			dependencies = (
				8E80C04D254196A1002A7C15 /* PBXTargetDependency */,
			);
			name = siegeTests;
			productName = siegeTests;
			productReference = 8E80C04B254196A1002A7C15 /* siegeTests.xctest */;
			productType = "com.apple.product-type.bundle.unit-test";
		};
		8E80C055254196A1002A7C15 /* siegeUITests */ = {
			isa = PBXNativeTarget;
			buildConfigurationList = 8E80C065254196A1002A7C15 /* Build configuration list for PBXNativeTarget "siegeUITests" */;
			buildPhases = (
				A7BB9FEE7AD17ABFE4C7F29D /* [CP] Check Pods Manifest.lock */,
				8E80C052254196A1002A7C15 /* Sources */,
				8E80C053254196A1002A7C15 /* Frameworks */,
				8E80C054254196A1002A7C15 /* Resources */,
				453D3C3065D59CAFE426A020 /* [CP] Embed Pods Frameworks */,
				4E2DFAC9C8465F0A6FF6C383 /* [CP] Copy Pods Resources */,
			);
			buildRules = (
			);
			dependencies = (
				8E80C058254196A1002A7C15 /* PBXTargetDependency */,
			);
			name = siegeUITests;
			productName = siegeUITests;
			productReference = 8E80C056254196A1002A7C15 /* siegeUITests.xctest */;
			productType = "com.apple.product-type.bundle.ui-testing";
		};
/* End PBXNativeTarget section */

/* Begin PBXProject section */
		8E80C02D2541969F002A7C15 /* Project object */ = {
			isa = PBXProject;
			attributes = {
				LastSwiftUpdateCheck = 1170;
				LastUpgradeCheck = 1170;
				ORGANIZATIONNAME = JackPan;
				TargetAttributes = {
					8E80C0342541969F002A7C15 = {
						CreatedOnToolsVersion = 11.7;
					};
					8E80C04A254196A1002A7C15 = {
						CreatedOnToolsVersion = 11.7;
						TestTargetID = 8E80C0342541969F002A7C15;
					};
					8E80C055254196A1002A7C15 = {
						CreatedOnToolsVersion = 11.7;
						TestTargetID = 8E80C0342541969F002A7C15;
					};
				};
			};
			buildConfigurationList = 8E80C0302541969F002A7C15 /* Build configuration list for PBXProject "siege" */;
			compatibilityVersion = "Xcode 9.3";
			developmentRegion = en;
			hasScannedForEncodings = 0;
			knownRegions = (
				en,
				Base,
			);
			mainGroup = 8E80C02C2541969F002A7C15;
			productRefGroup = 8E80C0362541969F002A7C15 /* Products */;
			projectDirPath = "";
			projectRoot = "";
			targets = (
				8E80C0342541969F002A7C15 /* siege */,
				8E80C04A254196A1002A7C15 /* siegeTests */,
				8E80C055254196A1002A7C15 /* siegeUITests */,
			);
		};
/* End PBXProject section */

/* Begin PBXResourcesBuildPhase section */
		8E80C0332541969F002A7C15 /* Resources */ = {
			isa = PBXResourcesBuildPhase;
			buildActionMask = 2147483647;
			files = (
				8E80C045254196A1002A7C15 /* LaunchScreen.storyboard in Resources */,
				8E80C06D2546B861002A7C15 /* GoogleService-Info.plist in Resources */,
				8E80C042254196A1002A7C15 /* Assets.xcassets in Resources */,
				8E66F3912563A68C0090E131 /* data.json in Resources */,
				8E80C0402541969F002A7C15 /* Main.storyboard in Resources */,
			);
			runOnlyForDeploymentPostprocessing = 0;
		};
		8E80C049254196A1002A7C15 /* Resources */ = {
			isa = PBXResourcesBuildPhase;
			buildActionMask = 2147483647;
			files = (
			);
			runOnlyForDeploymentPostprocessing = 0;
		};
		8E80C054254196A1002A7C15 /* Resources */ = {
			isa = PBXResourcesBuildPhase;
			buildActionMask = 2147483647;
			files = (
			);
			runOnlyForDeploymentPostprocessing = 0;
		};
/* End PBXResourcesBuildPhase section */

/* Begin PBXShellScriptBuildPhase section */
		18B181E40A17ACB83DBFE420 /* [CP] Embed Pods Frameworks */ = {
			isa = PBXShellScriptBuildPhase;
			buildActionMask = 2147483647;
			files = (
			);
			inputFileListPaths = (
				"${PODS_ROOT}/Target Support Files/Pods-siege/Pods-siege-frameworks-${CONFIGURATION}-input-files.xcfilelist",
			);
			name = "[CP] Embed Pods Frameworks";
			outputFileListPaths = (
				"${PODS_ROOT}/Target Support Files/Pods-siege/Pods-siege-frameworks-${CONFIGURATION}-output-files.xcfilelist",
			);
			runOnlyForDeploymentPostprocessing = 0;
			shellPath = /bin/sh;
			shellScript = "\"${PODS_ROOT}/Target Support Files/Pods-siege/Pods-siege-frameworks.sh\"\n";
			showEnvVarsInLog = 0;
		};
		453D3C3065D59CAFE426A020 /* [CP] Embed Pods Frameworks */ = {
			isa = PBXShellScriptBuildPhase;
			buildActionMask = 2147483647;
			files = (
			);
			inputFileListPaths = (
				"${PODS_ROOT}/Target Support Files/Pods-siege-siegeUITests/Pods-siege-siegeUITests-frameworks-${CONFIGURATION}-input-files.xcfilelist",
			);
			name = "[CP] Embed Pods Frameworks";
			outputFileListPaths = (
				"${PODS_ROOT}/Target Support Files/Pods-siege-siegeUITests/Pods-siege-siegeUITests-frameworks-${CONFIGURATION}-output-files.xcfilelist",
			);
			runOnlyForDeploymentPostprocessing = 0;
			shellPath = /bin/sh;
			shellScript = "\"${PODS_ROOT}/Target Support Files/Pods-siege-siegeUITests/Pods-siege-siegeUITests-frameworks.sh\"\n";
			showEnvVarsInLog = 0;
		};
		4E2DFAC9C8465F0A6FF6C383 /* [CP] Copy Pods Resources */ = {
			isa = PBXShellScriptBuildPhase;
			buildActionMask = 2147483647;
			files = (
			);
			inputFileListPaths = (
				"${PODS_ROOT}/Target Support Files/Pods-siege-siegeUITests/Pods-siege-siegeUITests-resources-${CONFIGURATION}-input-files.xcfilelist",
			);
			name = "[CP] Copy Pods Resources";
			outputFileListPaths = (
				"${PODS_ROOT}/Target Support Files/Pods-siege-siegeUITests/Pods-siege-siegeUITests-resources-${CONFIGURATION}-output-files.xcfilelist",
			);
			runOnlyForDeploymentPostprocessing = 0;
			shellPath = /bin/sh;
			shellScript = "\"${PODS_ROOT}/Target Support Files/Pods-siege-siegeUITests/Pods-siege-siegeUITests-resources.sh\"\n";
			showEnvVarsInLog = 0;
		};
		6408F0E3CF4C0CF24B3CBC42 /* [CP] Check Pods Manifest.lock */ = {
			isa = PBXShellScriptBuildPhase;
			buildActionMask = 2147483647;
			files = (
			);
			inputFileListPaths = (
			);
			inputPaths = (
				"${PODS_PODFILE_DIR_PATH}/Podfile.lock",
				"${PODS_ROOT}/Manifest.lock",
			);
			name = "[CP] Check Pods Manifest.lock";
			outputFileListPaths = (
			);
			outputPaths = (
				"$(DERIVED_FILE_DIR)/Pods-siegeTests-checkManifestLockResult.txt",
			);
			runOnlyForDeploymentPostprocessing = 0;
			shellPath = /bin/sh;
			shellScript = "diff \"${PODS_PODFILE_DIR_PATH}/Podfile.lock\" \"${PODS_ROOT}/Manifest.lock\" > /dev/null\nif [ $? != 0 ] ; then\n    # print error to STDERR\n    echo \"error: The sandbox is not in sync with the Podfile.lock. Run 'pod install' or update your CocoaPods installation.\" >&2\n    exit 1\nfi\n# This output is used by Xcode 'outputs' to avoid re-running this script phase.\necho \"SUCCESS\" > \"${SCRIPT_OUTPUT_FILE_0}\"\n";
			showEnvVarsInLog = 0;
		};
		A7BB9FEE7AD17ABFE4C7F29D /* [CP] Check Pods Manifest.lock */ = {
			isa = PBXShellScriptBuildPhase;
			buildActionMask = 2147483647;
			files = (
			);
			inputFileListPaths = (
			);
			inputPaths = (
				"${PODS_PODFILE_DIR_PATH}/Podfile.lock",
				"${PODS_ROOT}/Manifest.lock",
			);
			name = "[CP] Check Pods Manifest.lock";
			outputFileListPaths = (
			);
			outputPaths = (
				"$(DERIVED_FILE_DIR)/Pods-siege-siegeUITests-checkManifestLockResult.txt",
			);
			runOnlyForDeploymentPostprocessing = 0;
			shellPath = /bin/sh;
			shellScript = "diff \"${PODS_PODFILE_DIR_PATH}/Podfile.lock\" \"${PODS_ROOT}/Manifest.lock\" > /dev/null\nif [ $? != 0 ] ; then\n    # print error to STDERR\n    echo \"error: The sandbox is not in sync with the Podfile.lock. Run 'pod install' or update your CocoaPods installation.\" >&2\n    exit 1\nfi\n# This output is used by Xcode 'outputs' to avoid re-running this script phase.\necho \"SUCCESS\" > \"${SCRIPT_OUTPUT_FILE_0}\"\n";
			showEnvVarsInLog = 0;
		};
		C561D990B5A05CA45D474526 /* [CP] Copy Pods Resources */ = {
			isa = PBXShellScriptBuildPhase;
			buildActionMask = 2147483647;
			files = (
			);
			inputFileListPaths = (
				"${PODS_ROOT}/Target Support Files/Pods-siege/Pods-siege-resources-${CONFIGURATION}-input-files.xcfilelist",
			);
			name = "[CP] Copy Pods Resources";
			outputFileListPaths = (
				"${PODS_ROOT}/Target Support Files/Pods-siege/Pods-siege-resources-${CONFIGURATION}-output-files.xcfilelist",
			);
			runOnlyForDeploymentPostprocessing = 0;
			shellPath = /bin/sh;
			shellScript = "\"${PODS_ROOT}/Target Support Files/Pods-siege/Pods-siege-resources.sh\"\n";
			showEnvVarsInLog = 0;
		};
		E3C8330BAD2BD9828D556D25 /* [CP] Check Pods Manifest.lock */ = {
			isa = PBXShellScriptBuildPhase;
			buildActionMask = 2147483647;
			files = (
			);
			inputFileListPaths = (
			);
			inputPaths = (
				"${PODS_PODFILE_DIR_PATH}/Podfile.lock",
				"${PODS_ROOT}/Manifest.lock",
			);
			name = "[CP] Check Pods Manifest.lock";
			outputFileListPaths = (
			);
			outputPaths = (
				"$(DERIVED_FILE_DIR)/Pods-siege-checkManifestLockResult.txt",
			);
			runOnlyForDeploymentPostprocessing = 0;
			shellPath = /bin/sh;
			shellScript = "diff \"${PODS_PODFILE_DIR_PATH}/Podfile.lock\" \"${PODS_ROOT}/Manifest.lock\" > /dev/null\nif [ $? != 0 ] ; then\n    # print error to STDERR\n    echo \"error: The sandbox is not in sync with the Podfile.lock. Run 'pod install' or update your CocoaPods installation.\" >&2\n    exit 1\nfi\n# This output is used by Xcode 'outputs' to avoid re-running this script phase.\necho \"SUCCESS\" > \"${SCRIPT_OUTPUT_FILE_0}\"\n";
			showEnvVarsInLog = 0;
		};
/* End PBXShellScriptBuildPhase section */

/* Begin PBXSourcesBuildPhase section */
		8E80C0312541969F002A7C15 /* Sources */ = {
			isa = PBXSourcesBuildPhase;
			buildActionMask = 2147483647;
			files = (
				8E80C03D2541969F002A7C15 /* ViewController.swift in Sources */,
				8E66F3932563A77D0090E131 /* DateJson.swift in Sources */,
				8E80C0392541969F002A7C15 /* AppDelegate.swift in Sources */,
				8EC7AFDF2574FAE400847519 /* OutsideCityListViewController.swift in Sources */,
				8E80C06B25469D86002A7C15 /* MGoogleAdsViewController.swift in Sources */,
				8E66F3952564F2440090E131 /* SixCityListViewController.swift in Sources */,
				8E66F3A12570D3D70090E131 /* TaipeiPageViewController.swift in Sources */,
				8E80C0892553D651002A7C15 /* MapViewController.swift in Sources */,
				8E66F399256640F80090E131 /* OutsideCityViewController.swift in Sources */,
				8E80C08B2553DBDE002A7C15 /* MemberCenterViewController.swift in Sources */,
				8E80C03B2541969F002A7C15 /* SceneDelegate.swift in Sources */,
				8E66F397256640B90090E131 /* OtherCityViewController.swift in Sources */,
				8E80C090255A7941002A7C15 /* MailLoginViewController.swift in Sources */,
			);
			runOnlyForDeploymentPostprocessing = 0;
		};
		8E80C047254196A1002A7C15 /* Sources */ = {
			isa = PBXSourcesBuildPhase;
			buildActionMask = 2147483647;
			files = (
				8E80C050254196A1002A7C15 /* siegeTests.swift in Sources */,
			);
			runOnlyForDeploymentPostprocessing = 0;
		};
		8E80C052254196A1002A7C15 /* Sources */ = {
			isa = PBXSourcesBuildPhase;
			buildActionMask = 2147483647;
			files = (
				8E80C05B254196A1002A7C15 /* siegeUITests.swift in Sources */,
			);
			runOnlyForDeploymentPostprocessing = 0;
		};
/* End PBXSourcesBuildPhase section */

/* Begin PBXTargetDependency section */
		8E80C04D254196A1002A7C15 /* PBXTargetDependency */ = {
			isa = PBXTargetDependency;
			target = 8E80C0342541969F002A7C15 /* siege */;
			targetProxy = 8E80C04C254196A1002A7C15 /* PBXContainerItemProxy */;
		};
		8E80C058254196A1002A7C15 /* PBXTargetDependency */ = {
			isa = PBXTargetDependency;
			target = 8E80C0342541969F002A7C15 /* siege */;
			targetProxy = 8E80C057254196A1002A7C15 /* PBXContainerItemProxy */;
		};
/* End PBXTargetDependency section */

/* Begin PBXVariantGroup section */
		8E80C03E2541969F002A7C15 /* Main.storyboard */ = {
			isa = PBXVariantGroup;
			children = (
				8E80C03F2541969F002A7C15 /* Base */,
			);
			name = Main.storyboard;
			sourceTree = "<group>";
		};
		8E80C043254196A1002A7C15 /* LaunchScreen.storyboard */ = {
			isa = PBXVariantGroup;
			children = (
				8E80C044254196A1002A7C15 /* Base */,
			);
			name = LaunchScreen.storyboard;
			sourceTree = "<group>";
		};
/* End PBXVariantGroup section */

/* Begin XCBuildConfiguration section */
		8E80C05D254196A1002A7C15 /* Debug */ = {
			isa = XCBuildConfiguration;
			buildSettings = {
				ALWAYS_SEARCH_USER_PATHS = NO;
				CLANG_ANALYZER_NONNULL = YES;
				CLANG_ANALYZER_NUMBER_OBJECT_CONVERSION = YES_AGGRESSIVE;
				CLANG_CXX_LANGUAGE_STANDARD = "gnu++14";
				CLANG_CXX_LIBRARY = "libc++";
				CLANG_ENABLE_MODULES = YES;
				CLANG_ENABLE_OBJC_ARC = YES;
				CLANG_ENABLE_OBJC_WEAK = YES;
				CLANG_WARN_BLOCK_CAPTURE_AUTORELEASING = YES;
				CLANG_WARN_BOOL_CONVERSION = YES;
				CLANG_WARN_COMMA = YES;
				CLANG_WARN_CONSTANT_CONVERSION = YES;
				CLANG_WARN_DEPRECATED_OBJC_IMPLEMENTATIONS = YES;
				CLANG_WARN_DIRECT_OBJC_ISA_USAGE = YES_ERROR;
				CLANG_WARN_DOCUMENTATION_COMMENTS = YES;
				CLANG_WARN_EMPTY_BODY = YES;
				CLANG_WARN_ENUM_CONVERSION = YES;
				CLANG_WARN_INFINITE_RECURSION = YES;
				CLANG_WARN_INT_CONVERSION = YES;
				CLANG_WARN_NON_LITERAL_NULL_CONVERSION = YES;
				CLANG_WARN_OBJC_IMPLICIT_RETAIN_SELF = YES;
				CLANG_WARN_OBJC_LITERAL_CONVERSION = YES;
				CLANG_WARN_OBJC_ROOT_CLASS = YES_ERROR;
				CLANG_WARN_RANGE_LOOP_ANALYSIS = YES;
				CLANG_WARN_STRICT_PROTOTYPES = YES;
				CLANG_WARN_SUSPICIOUS_MOVE = YES;
				CLANG_WARN_UNGUARDED_AVAILABILITY = YES_AGGRESSIVE;
				CLANG_WARN_UNREACHABLE_CODE = YES;
				CLANG_WARN__DUPLICATE_METHOD_MATCH = YES;
				COPY_PHASE_STRIP = NO;
				DEBUG_INFORMATION_FORMAT = dwarf;
				ENABLE_STRICT_OBJC_MSGSEND = YES;
				ENABLE_TESTABILITY = YES;
				GCC_C_LANGUAGE_STANDARD = gnu11;
				GCC_DYNAMIC_NO_PIC = NO;
				GCC_NO_COMMON_BLOCKS = YES;
				GCC_OPTIMIZATION_LEVEL = 0;
				GCC_PREPROCESSOR_DEFINITIONS = (
					"DEBUG=1",
					"$(inherited)",
				);
				GCC_WARN_64_TO_32_BIT_CONVERSION = YES;
				GCC_WARN_ABOUT_RETURN_TYPE = YES_ERROR;
				GCC_WARN_UNDECLARED_SELECTOR = YES;
				GCC_WARN_UNINITIALIZED_AUTOS = YES_AGGRESSIVE;
				GCC_WARN_UNUSED_FUNCTION = YES;
				GCC_WARN_UNUSED_VARIABLE = YES;
				IPHONEOS_DEPLOYMENT_TARGET = 13.0;
				MTL_ENABLE_DEBUG_INFO = INCLUDE_SOURCE;
				MTL_FAST_MATH = YES;
				ONLY_ACTIVE_ARCH = YES;
				OTHER_LDFLAGS = "-ObjC";
				SDKROOT = iphoneos;
				SWIFT_ACTIVE_COMPILATION_CONDITIONS = DEBUG;
				SWIFT_OPTIMIZATION_LEVEL = "-Onone";
			};
			name = Debug;
		};
		8E80C05E254196A1002A7C15 /* Release */ = {
			isa = XCBuildConfiguration;
			buildSettings = {
				ALWAYS_SEARCH_USER_PATHS = NO;
				CLANG_ANALYZER_NONNULL = YES;
				CLANG_ANALYZER_NUMBER_OBJECT_CONVERSION = YES_AGGRESSIVE;
				CLANG_CXX_LANGUAGE_STANDARD = "gnu++14";
				CLANG_CXX_LIBRARY = "libc++";
				CLANG_ENABLE_MODULES = YES;
				CLANG_ENABLE_OBJC_ARC = YES;
				CLANG_ENABLE_OBJC_WEAK = YES;
				CLANG_WARN_BLOCK_CAPTURE_AUTORELEASING = YES;
				CLANG_WARN_BOOL_CONVERSION = YES;
				CLANG_WARN_COMMA = YES;
				CLANG_WARN_CONSTANT_CONVERSION = YES;
				CLANG_WARN_DEPRECATED_OBJC_IMPLEMENTATIONS = YES;
				CLANG_WARN_DIRECT_OBJC_ISA_USAGE = YES_ERROR;
				CLANG_WARN_DOCUMENTATION_COMMENTS = YES;
				CLANG_WARN_EMPTY_BODY = YES;
				CLANG_WARN_ENUM_CONVERSION = YES;
				CLANG_WARN_INFINITE_RECURSION = YES;
				CLANG_WARN_INT_CONVERSION = YES;
				CLANG_WARN_NON_LITERAL_NULL_CONVERSION = YES;
				CLANG_WARN_OBJC_IMPLICIT_RETAIN_SELF = YES;
				CLANG_WARN_OBJC_LITERAL_CONVERSION = YES;
				CLANG_WARN_OBJC_ROOT_CLASS = YES_ERROR;
				CLANG_WARN_RANGE_LOOP_ANALYSIS = YES;
				CLANG_WARN_STRICT_PROTOTYPES = YES;
				CLANG_WARN_SUSPICIOUS_MOVE = YES;
				CLANG_WARN_UNGUARDED_AVAILABILITY = YES_AGGRESSIVE;
				CLANG_WARN_UNREACHABLE_CODE = YES;
				CLANG_WARN__DUPLICATE_METHOD_MATCH = YES;
				COPY_PHASE_STRIP = NO;
				DEBUG_INFORMATION_FORMAT = "dwarf-with-dsym";
				ENABLE_NS_ASSERTIONS = NO;
				ENABLE_STRICT_OBJC_MSGSEND = YES;
				GCC_C_LANGUAGE_STANDARD = gnu11;
				GCC_NO_COMMON_BLOCKS = YES;
				GCC_WARN_64_TO_32_BIT_CONVERSION = YES;
				GCC_WARN_ABOUT_RETURN_TYPE = YES_ERROR;
				GCC_WARN_UNDECLARED_SELECTOR = YES;
				GCC_WARN_UNINITIALIZED_AUTOS = YES_AGGRESSIVE;
				GCC_WARN_UNUSED_FUNCTION = YES;
				GCC_WARN_UNUSED_VARIABLE = YES;
				IPHONEOS_DEPLOYMENT_TARGET = 13.0;
				MTL_ENABLE_DEBUG_INFO = NO;
				MTL_FAST_MATH = YES;
				OTHER_LDFLAGS = "-ObjC";
				SDKROOT = iphoneos;
				SWIFT_COMPILATION_MODE = wholemodule;
				SWIFT_OPTIMIZATION_LEVEL = "-O";
				VALIDATE_PRODUCT = YES;
			};
			name = Release;
		};
		8E80C060254196A1002A7C15 /* Debug */ = {
			isa = XCBuildConfiguration;
			baseConfigurationReference = C1929A7321C3C929141AE33C /* Pods-siege.debug.xcconfig */;
			buildSettings = {
				ASSETCATALOG_COMPILER_APPICON_NAME = "AppIcon-1";
				CODE_SIGN_STYLE = Automatic;
				DEVELOPMENT_TEAM = 9SDG9LYLGC;
				FRAMEWORK_SEARCH_PATHS = (
					"$(inherited)",
					"$(PROJECT_DIR)/siege",
				);
				INFOPLIST_FILE = siege/Info.plist;
				LD_RUNPATH_SEARCH_PATHS = (
					"$(inherited)",
					"@executable_path/Frameworks",
				);
				PRODUCT_BUNDLE_IDENTIFIER = com.jackpan.touristmap;
				PRODUCT_NAME = "我的旅遊地圖";
				SWIFT_VERSION = 5.0;
				TARGETED_DEVICE_FAMILY = "1,2";
			};
			name = Debug;
		};
		8E80C061254196A1002A7C15 /* Release */ = {
			isa = XCBuildConfiguration;
			baseConfigurationReference = 265797C10548F3C8714730A3 /* Pods-siege.release.xcconfig */;
			buildSettings = {
				ASSETCATALOG_COMPILER_APPICON_NAME = "AppIcon-1";
				CODE_SIGN_STYLE = Automatic;
				DEVELOPMENT_TEAM = 9SDG9LYLGC;
				FRAMEWORK_SEARCH_PATHS = (
					"$(inherited)",
					"$(PROJECT_DIR)/siege",
				);
				INFOPLIST_FILE = siege/Info.plist;
				LD_RUNPATH_SEARCH_PATHS = (
					"$(inherited)",
					"@executable_path/Frameworks",
				);
				PRODUCT_BUNDLE_IDENTIFIER = com.jackpan.touristmap;
				PRODUCT_NAME = "我的旅遊地圖";
				SWIFT_VERSION = 5.0;
				TARGETED_DEVICE_FAMILY = "1,2";
			};
			name = Release;
		};
		8E80C063254196A1002A7C15 /* Debug */ = {
			isa = XCBuildConfiguration;
			baseConfigurationReference = E398591F4A8EED712B028734 /* Pods-siegeTests.debug.xcconfig */;
			buildSettings = {
				ALWAYS_EMBED_SWIFT_STANDARD_LIBRARIES = YES;
				BUNDLE_LOADER = "$(TEST_HOST)";
				CODE_SIGN_STYLE = Automatic;
				DEVELOPMENT_TEAM = 9SDG9LYLGC;
				INFOPLIST_FILE = siegeTests/Info.plist;
				IPHONEOS_DEPLOYMENT_TARGET = 13.7;
				LD_RUNPATH_SEARCH_PATHS = (
					"$(inherited)",
					"@executable_path/Frameworks",
					"@loader_path/Frameworks",
				);
				PRODUCT_BUNDLE_IDENTIFIER = com.jackpan.siegeTests;
				PRODUCT_NAME = "$(TARGET_NAME)";
				SWIFT_VERSION = 5.0;
				TARGETED_DEVICE_FAMILY = "1,2";
				TEST_HOST = "$(BUILT_PRODUCTS_DIR)/siege.app/siege";
			};
			name = Debug;
		};
		8E80C064254196A1002A7C15 /* Release */ = {
			isa = XCBuildConfiguration;
			baseConfigurationReference = C7558304E5B222B0ACEFCABC /* Pods-siegeTests.release.xcconfig */;
			buildSettings = {
				ALWAYS_EMBED_SWIFT_STANDARD_LIBRARIES = YES;
				BUNDLE_LOADER = "$(TEST_HOST)";
				CODE_SIGN_STYLE = Automatic;
				DEVELOPMENT_TEAM = 9SDG9LYLGC;
				INFOPLIST_FILE = siegeTests/Info.plist;
				IPHONEOS_DEPLOYMENT_TARGET = 13.7;
				LD_RUNPATH_SEARCH_PATHS = (
					"$(inherited)",
					"@executable_path/Frameworks",
					"@loader_path/Frameworks",
				);
				PRODUCT_BUNDLE_IDENTIFIER = com.jackpan.siegeTests;
				PRODUCT_NAME = "$(TARGET_NAME)";
				SWIFT_VERSION = 5.0;
				TARGETED_DEVICE_FAMILY = "1,2";
				TEST_HOST = "$(BUILT_PRODUCTS_DIR)/siege.app/siege";
			};
			name = Release;
		};
		8E80C066254196A1002A7C15 /* Debug */ = {
			isa = XCBuildConfiguration;
			baseConfigurationReference = 38B3E59C2436DF06A03F8B1A /* Pods-siege-siegeUITests.debug.xcconfig */;
			buildSettings = {
				ALWAYS_EMBED_SWIFT_STANDARD_LIBRARIES = YES;
				CODE_SIGN_STYLE = Automatic;
				DEVELOPMENT_TEAM = 9SDG9LYLGC;
				INFOPLIST_FILE = siegeUITests/Info.plist;
				LD_RUNPATH_SEARCH_PATHS = (
					"$(inherited)",
					"@executable_path/Frameworks",
					"@loader_path/Frameworks",
				);
				PRODUCT_BUNDLE_IDENTIFIER = com.jackpan.siegeUITests;
				PRODUCT_NAME = "$(TARGET_NAME)";
				SWIFT_VERSION = 5.0;
				TARGETED_DEVICE_FAMILY = "1,2";
				TEST_TARGET_NAME = siege;
			};
			name = Debug;
		};
		8E80C067254196A1002A7C15 /* Release */ = {
			isa = XCBuildConfiguration;
			baseConfigurationReference = BDCAA5A3A5ED7E0A738E200E /* Pods-siege-siegeUITests.release.xcconfig */;
			buildSettings = {
				ALWAYS_EMBED_SWIFT_STANDARD_LIBRARIES = YES;
				CODE_SIGN_STYLE = Automatic;
				DEVELOPMENT_TEAM = 9SDG9LYLGC;
				INFOPLIST_FILE = siegeUITests/Info.plist;
				LD_RUNPATH_SEARCH_PATHS = (
					"$(inherited)",
					"@executable_path/Frameworks",
					"@loader_path/Frameworks",
				);
				PRODUCT_BUNDLE_IDENTIFIER = com.jackpan.siegeUITests;
				PRODUCT_NAME = "$(TARGET_NAME)";
				SWIFT_VERSION = 5.0;
				TARGETED_DEVICE_FAMILY = "1,2";
				TEST_TARGET_NAME = siege;
			};
			name = Release;
		};
/* End XCBuildConfiguration section */

/* Begin XCConfigurationList section */
		8E80C0302541969F002A7C15 /* Build configuration list for PBXProject "siege" */ = {
			isa = XCConfigurationList;
			buildConfigurations = (
				8E80C05D254196A1002A7C15 /* Debug */,
				8E80C05E254196A1002A7C15 /* Release */,
			);
			defaultConfigurationIsVisible = 0;
			defaultConfigurationName = Release;
		};
		8E80C05F254196A1002A7C15 /* Build configuration list for PBXNativeTarget "siege" */ = {
			isa = XCConfigurationList;
			buildConfigurations = (
				8E80C060254196A1002A7C15 /* Debug */,
				8E80C061254196A1002A7C15 /* Release */,
			);
			defaultConfigurationIsVisible = 0;
			defaultConfigurationName = Release;
		};
		8E80C062254196A1002A7C15 /* Build configuration list for PBXNativeTarget "siegeTests" */ = {
			isa = XCConfigurationList;
			buildConfigurations = (
				8E80C063254196A1002A7C15 /* Debug */,
				8E80C064254196A1002A7C15 /* Release */,
			);
			defaultConfigurationIsVisible = 0;
			defaultConfigurationName = Release;
		};
		8E80C065254196A1002A7C15 /* Build configuration list for PBXNativeTarget "siegeUITests" */ = {
			isa = XCConfigurationList;
			buildConfigurations = (
				8E80C066254196A1002A7C15 /* Debug */,
				8E80C067254196A1002A7C15 /* Release */,
			);
			defaultConfigurationIsVisible = 0;
			defaultConfigurationName = Release;
		};
/* End XCConfigurationList section */
	};
	rootObject = 8E80C02D2541969F002A7C15 /* Project object */;
}
